
Microsoft Visual Studio Solution File, Format Version 12.00
# Visual Studio Version 17
VisualStudioVersion = 17.7.34024.191
MinimumVisualStudioVersion = 10.0.40219.1
Project("{9A19103F-16F7-4668-BE54-9A1E7A4F7556}") = "IB_LW_1", "IB_LW_1\IB_LW_1.csproj", "{D7A2D228-6354-451F-AD6C-93D4AFBB14B8}"
EndProject
Project("{9A19103F-16F7-4668-BE54-9A1E7A4F7556}") = "FileImplement", "FileImplement\FileImplement.csproj", "{A28A828B-A645-45E7-921E-48A69B138B7C}"
EndProject
Project("{9A19103F-16F7-4668-BE54-9A1E7A4F7556}") = "BusinessLogics", "BusinessLogics\BusinessLogics.csproj", "{4E44C2C0-BEEF-4AD5-990B-96B756F8D9FB}"
EndProject
Project("{9A19103F-16F7-4668-BE54-9A1E7A4F7556}") = "Contracts", "Contracts\Contracts.csproj", "{F70CDF4C-2223-4A72-BF67-FFACB2DA0111}"
EndProject
Global
	GlobalSection(SolutionConfigurationPlatforms) = preSolution
		Debug|Any CPU = Debug|Any CPU
		Release|Any CPU = Release|Any CPU
	EndGlobalSection
	GlobalSection(ProjectConfigurationPlatforms) = postSolution
		{D7A2D228-6354-451F-AD6C-93D4AFBB14B8}.Debug|Any CPU.ActiveCfg = Debug|Any CPU
		{D7A2D228-6354-451F-AD6C-93D4AFBB14B8}.Debug|Any CPU.Build.0 = Debug|Any CPU
		{D7A2D228-6354-451F-AD6C-93D4AFBB14B8}.Release|Any CPU.ActiveCfg = Release|Any CPU
		{D7A2D228-6354-451F-AD6C-93D4AFBB14B8}.Release|Any CPU.Build.0 = Release|Any CPU
		{A28A828B-A645-45E7-921E-48A69B138B7C}.Debug|Any CPU.ActiveCfg = Debug|Any CPU
		{A28A828B-A645-45E7-921E-48A69B138B7C}.Debug|Any CPU.Build.0 = Debug|Any CPU
		{A28A828B-A645-45E7-921E-48A69B138B7C}.Release|Any CPU.ActiveCfg = Release|Any CPU
		{A28A828B-A645-45E7-921E-48A69B138B7C}.Release|Any CPU.Build.0 = Release|Any CPU
		{4E44C2C0-BEEF-4AD5-990B-96B756F8D9FB}.Debug|Any CPU.ActiveCfg = Debug|Any CPU
		{4E44C2C0-BEEF-4AD5-990B-96B756F8D9FB}.Debug|Any CPU.Build.0 = Debug|Any CPU
		{4E44C2C0-BEEF-4AD5-990B-96B756F8D9FB}.Release|Any CPU.ActiveCfg = Release|Any CPU
		{4E44C2C0-BEEF-4AD5-990B-96B756F8D9FB}.Release|Any CPU.Build.0 = Release|Any CPU
		{F70CDF4C-2223-4A72-BF67-FFACB2DA0111}.Debug|Any CPU.ActiveCfg = Debug|Any CPU
		{F70CDF4C-2223-4A72-BF67-FFACB2DA0111}.Debug|Any CPU.Build.0 = Debug|Any CPU
		{F70CDF4C-2223-4A72-BF67-FFACB2DA0111}.Release|Any CPU.ActiveCfg = Release|Any CPU
		{F70CDF4C-2223-4A72-BF67-FFACB2DA0111}.Release|Any CPU.Build.0 = Release|Any CPU
	EndGlobalSection
	GlobalSection(SolutionProperties) = preSolution
		HideSolutionNode = FALSE
	EndGlobalSection
	GlobalSection(ExtensibilityGlobals) = postSolution
		SolutionGuid = {E38309B5-EC6E-4589-AD22-4D99F9A55A25}
	EndGlobalSection
EndGlobal
